{
  "name": "marketing-analytics",
  "lockfileVersion": 2,
  "requires": true,
  "packages": {
    "": {
      "name": "marketing-analytics",
      "dependencies": {
        "@dataform/core": "3.0.13"
      }
    },
    "node_modules/@dataform/core": {
      "version": "3.0.13",
      "resolved": "https://registry.npmjs.org/@dataform/core/-/core-3.0.13.tgz",
      "integrity": "sha512-5aRBscxL0wCwNe88R2yr8V+fvF0s9q3134lC5v/mIwSx4b1V9aMAnrpJPRjGvch0y8J254+KMoNNUY4b+JiXRw=="
    }
  },
  "dependencies": {
    "@dataform/core": {
      "version": "3.0.13",
      "resolved": "https://registry.npmjs.org/@dataform/core/-/core-3.0.13.tgz",
      "integrity": "sha512-5aRBscxL0wCwNe88R2yr8V+fvF0s9q3134lC5v/mIwSx4b1V9aMAnrpJPRjGvch0y8J254+KMoNNUY4b+JiXRw=="
    }
  }
}
